# THIS IS AN AUTOGENERATED FILE. DO NOT EDIT THIS FILE DIRECTLY.
# yarn lockfile v1


three@^0.105.2:
  version "0.105.2"
  resolved "https://registry.yarnpkg.com/three/-/three-0.105.2.tgz#d135f1549bdcf5a9acd904ba3dbf9198a0268984"
  integrity sha512-L3Al37k4g3hVbgFFS251UVtIc25chhyN0/RvXzR0C+uIBToV6EKDG+MZzEXm9L2miGUVMK27W46/VkP6WUZXMg==
